{
  "name": "document-management",
  "version": "1.0.0",
  "lockfileVersion": 3,
  "requires": true,
  "packages": {
    "": {
      "name": "document-management",
      "version": "1.0.0",
      "license": "ISC",
      "dependencies": {
        "safe-flat": "^2.1.0"
      }
    },
    "node_modules/safe-flat": {
      "version": "2.1.0",
      "resolved": "https://registry.npmjs.org/safe-flat/-/safe-flat-2.1.0.tgz",
      "integrity": "sha512-qr5iVWMYuN21dkijya23k6apc2BV1hiCG75vjToKDTzWlbR4SLbLbCnowPJ2pngnwGT2nMEeZKOglBE4pksj6g=="
    }
  }
}
